{
  "requires": true,
  "lockfileVersion": 1,
  "dependencies": {
    "exif-js": {
      "version": "2.3.0",
      "resolved": "https://registry.npmjs.org/exif-js/-/exif-js-2.3.0.tgz",
      "integrity": "sha1-nRCBm/Vx+HOBPnZAJBJVq5zhqBQ="
    },
    "image-file-to-base64-exif": {
      "version": "1.0.3",
      "resolved": "https://registry.npmjs.org/image-file-to-base64-exif/-/image-file-to-base64-exif-1.0.3.tgz",
      "integrity": "sha512-CL17GynTvGGgH24HOFEEhdCLbG6x0P8aa7RiO7aXCPefyXBPZPRxgX5j5m6lD7/j+lNpZ1xyRqVjfFlu3/egrw==",
      "requires": {
        "exif-js": "^2.2.1"
      }
    }
  }
}
